
Microsoft Visual Studio Solution File, Format Version 12.00
# Visual Studio Version 17
VisualStudioVersion = 17.3.32922.545
MinimumVisualStudioVersion = 10.0.40219.1
Project("{9A19103F-16F7-4668-BE54-9A1E7A4F7556}") = "Summer.Batch.Support.MySql", "Summer.Batch.Support.MySql.csproj", "{AAE44C1B-5B19-4D4C-961F-7580E0D33CBF}"
EndProject
Global
	GlobalSection(SolutionConfigurationPlatforms) = preSolution
		Debug|Any CPU = Debug|Any CPU
		Release|Any CPU = Release|Any CPU
	EndGlobalSection
	GlobalSection(ProjectConfigurationPlatforms) = postSolution
		{AAE44C1B-5B19-4D4C-961F-7580E0D33CBF}.Debug|Any CPU.ActiveCfg = Debug|Any CPU
		{AAE44C1B-5B19-4D4C-961F-7580E0D33CBF}.Debug|Any CPU.Build.0 = Debug|Any CPU
		{AAE44C1B-5B19-4D4C-961F-7580E0D33CBF}.Release|Any CPU.ActiveCfg = Release|Any CPU
		{AAE44C1B-5B19-4D4C-961F-7580E0D33CBF}.Release|Any CPU.Build.0 = Release|Any CPU
	EndGlobalSection
	GlobalSection(SolutionProperties) = preSolution
		HideSolutionNode = FALSE
	EndGlobalSection
	GlobalSection(ExtensibilityGlobals) = postSolution
		SolutionGuid = {E3F93490-1EBB-4743-9EC2-C34A1E9D6A4D}
	EndGlobalSection
EndGlobal
